{
  "nodes": {
    "base16": {
      "inputs": {
        "nixpkgs": [
          "stylix",
          "nixpkgs"
        ]
      },
      "locked": {
        "lastModified": 1658847131,
        "narHash": "sha256-X6Mml7cT0YR3WCD5fkUhpRVV5ZPcwdcDsND8r8xMqTE=",
        "owner": "SenchoPens",
        "repo": "base16.nix",
        "rev": "6b404cda2e04ca3cf5ca7b877af9c469e1386acb",
        "type": "github"
      },
      "original": {
        "owner": "SenchoPens",
        "repo": "base16.nix",
        "type": "github"
      }
    },
    "flake-compat": {
      "flake": false,
      "locked": {
        "lastModified": 1673956053,
        "narHash": "sha256-4gtG9iQuiKITOjNQQeQIpoIB6b16fm+504Ch3sNKLd8=",
        "owner": "edolstra",
        "repo": "flake-compat",
        "rev": "35bb57c0c8d8b62bbfd284272c928ceb64ddbde9",
        "type": "github"
      },
      "original": {
        "owner": "edolstra",
        "repo": "flake-compat",
        "type": "github"
      }
    },
    "flake-parts": {
      "inputs": {
        "nixpkgs-lib": "nixpkgs-lib"
      },
      "locked": {
        "lastModified": 1688466019,
        "narHash": "sha256-VeM2akYrBYMsb4W/MmBo1zmaMfgbL4cH3Pu8PGyIwJ0=",
        "owner": "hercules-ci",
        "repo": "flake-parts",
        "rev": "8e8d955c22df93dbe24f19ea04f47a74adbdc5ec",
        "type": "github"
      },
      "original": {
        "id": "flake-parts",
        "type": "indirect"
      }
    },
    "home-manager": {
      "inputs": {
        "nixpkgs": [
          "nixpkgs"
        ]
      },
      "locked": {
        "lastModified": 1688552611,
        "narHash": "sha256-pV/1/AU1l5CNFeKmdJ1jofcaKHhtKAbxY4gazeCyoSo=",
        "owner": "nix-community",
        "repo": "home-manager",
        "rev": "b23c7501f7e0a001486c9a5555a6c53ac7b08e85",
        "type": "github"
      },
      "original": {
        "owner": "nix-community",
        "repo": "home-manager",
        "type": "github"
      }
    },
    "home-manager_2": {
      "inputs": {
        "nixpkgs": [
          "stylix",
          "nixpkgs"
        ],
        "utils": "utils"
      },
      "locked": {
        "lastModified": 1680000368,
        "narHash": "sha256-TlgC4IJ7aotynUdkGRtaAVxquaiddO38Ws89nB7VGY8=",
        "owner": "nix-community",
        "repo": "home-manager",
        "rev": "765e4007b6f9f111469a25d1df6540e8e0ca73a6",
        "type": "github"
      },
      "original": {
        "owner": "nix-community",
        "repo": "home-manager",
        "type": "github"
      }
    },
    "nixpkgs": {
      "locked": {
        "lastModified": 1688500189,
        "narHash": "sha256-djYYiY4lzJOlXOnTHytH6BUugrxHDZjuGxTSrU4gt4M=",
        "owner": "NixOS",
        "repo": "nixpkgs",
        "rev": "78419edadf0fabbe5618643bd850b2f2198ed060",
        "type": "github"
      },
      "original": {
        "owner": "NixOS",
        "ref": "nixos-unstable",
        "repo": "nixpkgs",
        "type": "github"
      }
    },
    "nixpkgs-lib": {
      "locked": {
        "dir": "lib",
        "lastModified": 1688049487,
        "narHash": "sha256-100g4iaKC9MalDjUW9iN6Jl/OocTDtXdeAj7pEGIRh4=",
        "owner": "NixOS",
        "repo": "nixpkgs",
        "rev": "4bc72cae107788bf3f24f30db2e2f685c9298dc9",
        "type": "github"
      },
      "original": {
        "dir": "lib",
        "owner": "NixOS",
        "ref": "nixos-unstable",
        "repo": "nixpkgs",
        "type": "github"
      }
    },
    "nixpkgs-stable": {
      "locked": {
        "lastModified": 1688256355,
        "narHash": "sha256-/E+OSabu4ii5+ccWff2k4vxDsXYhpc4hwnm0s6JOz7Y=",
        "owner": "NixOS",
        "repo": "nixpkgs",
        "rev": "f553c016a31277246f8d3724d3b1eee5e8c0842c",
        "type": "github"
      },
      "original": {
        "owner": "NixOS",
        "ref": "release-23.05",
        "repo": "nixpkgs",
        "type": "github"
      }
    },
    "root": {
      "inputs": {
        "flake-parts": "flake-parts",
        "home-manager": "home-manager",
        "nixpkgs": "nixpkgs",
        "sops-nix": "sops-nix",
        "stylix": "stylix"
      }
    },
    "sops-nix": {
      "inputs": {
        "nixpkgs": [
          "nixpkgs"
        ],
        "nixpkgs-stable": "nixpkgs-stable"
      },
      "locked": {
        "lastModified": 1688268466,
        "narHash": "sha256-fArazqgYyEFiNcqa136zVYXihuqzRHNOOeVICayU2Yg=",
        "owner": "Mic92",
        "repo": "sops-nix",
        "rev": "5ed3c22c1fa0515e037e36956a67fe7e32c92957",
        "type": "github"
      },
      "original": {
        "owner": "Mic92",
        "repo": "sops-nix",
        "type": "github"
      }
    },
    "stylix": {
      "inputs": {
        "base16": "base16",
        "flake-compat": "flake-compat",
        "home-manager": "home-manager_2",
        "nixpkgs": [
          "nixpkgs"
        ]
      },
      "locked": {
        "lastModified": 1688308288,
        "narHash": "sha256-dahwZIc0zGgGMKR/j1SJjYhaoGJTHJUse8CzC8DUyV0=",
        "owner": "danth",
        "repo": "stylix",
        "rev": "35cab8eb76c1d3672b2b290a64f357847c30d090",
        "type": "github"
      },
      "original": {
        "owner": "danth",
        "repo": "stylix",
        "type": "github"
      }
    },
    "utils": {
      "locked": {
        "lastModified": 1676283394,
        "narHash": "sha256-XX2f9c3iySLCw54rJ/CZs+ZK6IQy7GXNY4nSOyu2QG4=",
        "owner": "numtide",
        "repo": "flake-utils",
        "rev": "3db36a8b464d0c4532ba1c7dda728f4576d6d073",
        "type": "github"
      },
      "original": {
        "owner": "numtide",
        "repo": "flake-utils",
        "type": "github"
      }
    }
  },
  "root": "root",
  "version": 7
}
